
Microsoft Visual Studio Solution File, Format Version 12.00
# Visual Studio Version 17
VisualStudioVersion = 17.7.33808.371
MinimumVisualStudioVersion = 10.0.40219.1
Project("{FAE04EC0-301F-11D3-BF4B-00C04F79EFBC}") = "CurrentTimeServiceHTMX", "CurrentTimeServiceHTMX\CurrentTimeServiceHTMX.csproj", "{094A2E5E-9C4E-494B-9154-A2DA704547DB}"
EndProject
Global
	GlobalSection(SolutionConfigurationPlatforms) = preSolution
		Debug|Any CPU = Debug|Any CPU
		Release|Any CPU = Release|Any CPU
	EndGlobalSection
	GlobalSection(ProjectConfigurationPlatforms) = postSolution
		{094A2E5E-9C4E-494B-9154-A2DA704547DB}.Debug|Any CPU.ActiveCfg = Debug|Any CPU
		{094A2E5E-9C4E-494B-9154-A2DA704547DB}.Debug|Any CPU.Build.0 = Debug|Any CPU
		{094A2E5E-9C4E-494B-9154-A2DA704547DB}.Release|Any CPU.ActiveCfg = Release|Any CPU
		{094A2E5E-9C4E-494B-9154-A2DA704547DB}.Release|Any CPU.Build.0 = Release|Any CPU
	EndGlobalSection
	GlobalSection(SolutionProperties) = preSolution
		HideSolutionNode = FALSE
	EndGlobalSection
	GlobalSection(ExtensibilityGlobals) = postSolution
		SolutionGuid = {A9FD96BB-0217-4C45-9D74-B628F751688D}
	EndGlobalSection
EndGlobal
